
Microsoft Visual Studio Solution File, Format Version 12.00
# Visual Studio Version 16
VisualStudioVersion = 16.0.31410.357
MinimumVisualStudioVersion = 10.0.40219.1
Project("{FAE04EC0-301F-11D3-BF4B-00C04F79EFBC}") = "CosmosDB", "CosmosDB\CosmosDB.csproj", "{B25DBFC9-CE66-4CCC-B706-52D79F84D4AD}"
EndProject
Global
	GlobalSection(SolutionConfigurationPlatforms) = preSolution
		Debug|Any CPU = Debug|Any CPU
		Release|Any CPU = Release|Any CPU
	EndGlobalSection
	GlobalSection(ProjectConfigurationPlatforms) = postSolution
		{B25DBFC9-CE66-4CCC-B706-52D79F84D4AD}.Debug|Any CPU.ActiveCfg = Debug|Any CPU
		{B25DBFC9-CE66-4CCC-B706-52D79F84D4AD}.Debug|Any CPU.Build.0 = Debug|Any CPU
		{B25DBFC9-CE66-4CCC-B706-52D79F84D4AD}.Release|Any CPU.ActiveCfg = Release|Any CPU
		{B25DBFC9-CE66-4CCC-B706-52D79F84D4AD}.Release|Any CPU.Build.0 = Release|Any CPU
	EndGlobalSection
	GlobalSection(SolutionProperties) = preSolution
		HideSolutionNode = FALSE
	EndGlobalSection
	GlobalSection(ExtensibilityGlobals) = postSolution
		SolutionGuid = {5AB50E09-5B19-4D92-B432-2CD94BF55ECC}
	EndGlobalSection
EndGlobal
